
Microsoft Visual Studio Solution File, Format Version 12.00
# Visual Studio Version 17
VisualStudioVersion = 17.6.33815.320
MinimumVisualStudioVersion = 10.0.40219.1
Project("{9A19103F-16F7-4668-BE54-9A1E7A4F7556}") = "InMemoryApp.Web", "InMemoryApp.Web\InMemoryApp.Web.csproj", "{7187D17E-E76A-4CC2-9474-DA20ADF04038}"
EndProject
Project("{9A19103F-16F7-4668-BE54-9A1E7A4F7556}") = "IDistributedCacheRedisApp.Web", "IDistributedCacheRedisApp.Web\IDistributedCacheRedisApp.Web.csproj", "{3BA16807-FF4F-494C-BE02-5F470C7FDFBD}"
EndProject
Project("{9A19103F-16F7-4668-BE54-9A1E7A4F7556}") = "RedisExchangeAPI.Web", "RedisExchangeAPI.Web\RedisExchangeAPI.Web.csproj", "{72879E2F-17C4-44A6-BDD2-F5B828F67502}"
EndProject
Project("{9A19103F-16F7-4668-BE54-9A1E7A4F7556}") = "RedisExampleApp.API", "RedisExampleApp.API\RedisExampleApp.API.csproj", "{64A1ACB8-4BCA-4AEA-BED1-77BF23FF5773}"
EndProject
Project("{FAE04EC0-301F-11D3-BF4B-00C04F79EFBC}") = "RedisExampleApp.Cache", "RedisExampleApp.Cache\RedisExampleApp.Cache.csproj", "{A1AB3E9A-4D0A-41A9-89FC-AFE7DAA68BAB}"
EndProject
Global
	GlobalSection(SolutionConfigurationPlatforms) = preSolution
		Debug|Any CPU = Debug|Any CPU
		Release|Any CPU = Release|Any CPU
	EndGlobalSection
	GlobalSection(ProjectConfigurationPlatforms) = postSolution
		{7187D17E-E76A-4CC2-9474-DA20ADF04038}.Debug|Any CPU.ActiveCfg = Debug|Any CPU
		{7187D17E-E76A-4CC2-9474-DA20ADF04038}.Debug|Any CPU.Build.0 = Debug|Any CPU
		{7187D17E-E76A-4CC2-9474-DA20ADF04038}.Release|Any CPU.ActiveCfg = Release|Any CPU
		{7187D17E-E76A-4CC2-9474-DA20ADF04038}.Release|Any CPU.Build.0 = Release|Any CPU
		{3BA16807-FF4F-494C-BE02-5F470C7FDFBD}.Debug|Any CPU.ActiveCfg = Debug|Any CPU
		{3BA16807-FF4F-494C-BE02-5F470C7FDFBD}.Debug|Any CPU.Build.0 = Debug|Any CPU
		{3BA16807-FF4F-494C-BE02-5F470C7FDFBD}.Release|Any CPU.ActiveCfg = Release|Any CPU
		{3BA16807-FF4F-494C-BE02-5F470C7FDFBD}.Release|Any CPU.Build.0 = Release|Any CPU
		{72879E2F-17C4-44A6-BDD2-F5B828F67502}.Debug|Any CPU.ActiveCfg = Debug|Any CPU
		{72879E2F-17C4-44A6-BDD2-F5B828F67502}.Debug|Any CPU.Build.0 = Debug|Any CPU
		{72879E2F-17C4-44A6-BDD2-F5B828F67502}.Release|Any CPU.ActiveCfg = Release|Any CPU
		{72879E2F-17C4-44A6-BDD2-F5B828F67502}.Release|Any CPU.Build.0 = Release|Any CPU
		{64A1ACB8-4BCA-4AEA-BED1-77BF23FF5773}.Debug|Any CPU.ActiveCfg = Debug|Any CPU
		{64A1ACB8-4BCA-4AEA-BED1-77BF23FF5773}.Debug|Any CPU.Build.0 = Debug|Any CPU
		{64A1ACB8-4BCA-4AEA-BED1-77BF23FF5773}.Release|Any CPU.ActiveCfg = Release|Any CPU
		{64A1ACB8-4BCA-4AEA-BED1-77BF23FF5773}.Release|Any CPU.Build.0 = Release|Any CPU
		{A1AB3E9A-4D0A-41A9-89FC-AFE7DAA68BAB}.Debug|Any CPU.ActiveCfg = Debug|Any CPU
		{A1AB3E9A-4D0A-41A9-89FC-AFE7DAA68BAB}.Debug|Any CPU.Build.0 = Debug|Any CPU
		{A1AB3E9A-4D0A-41A9-89FC-AFE7DAA68BAB}.Release|Any CPU.ActiveCfg = Release|Any CPU
		{A1AB3E9A-4D0A-41A9-89FC-AFE7DAA68BAB}.Release|Any CPU.Build.0 = Release|Any CPU
	EndGlobalSection
	GlobalSection(SolutionProperties) = preSolution
		HideSolutionNode = FALSE
	EndGlobalSection
	GlobalSection(ExtensibilityGlobals) = postSolution
		SolutionGuid = {7DED3A28-4488-4F09-9DA2-0A4094CCA916}
	EndGlobalSection
EndGlobal
